// !$*UTF8*$!
{
	archiveVersion = 1;
	classes = {
	};
	objectVersion = 50;
	objects = {

/* Begin PBXBuildFile section */
		671541892540EF4A00947218 /* AppDelegate.swift in Sources */ = {isa = PBXBuildFile; fileRef = 671541882540EF4A00947218 /* AppDelegate.swift */; };
		6715418B2540EF4A00947218 /* SceneDelegate.swift in Sources */ = {isa = PBXBuildFile; fileRef = 6715418A2540EF4A00947218 /* SceneDelegate.swift */; };
		6715418D2540EF4A00947218 /* ContentView.swift in Sources */ = {isa = PBXBuildFile; fileRef = 6715418C2540EF4A00947218 /* ContentView.swift */; };
		671541902540EF4A00947218 /* envReferences.xcdatamodeld in Sources */ = {isa = PBXBuildFile; fileRef = 6715418E2540EF4A00947218 /* envReferences.xcdatamodeld */; };
		671541922540EF4C00947218 /* Assets.xcassets in Resources */ = {isa = PBXBuildFile; fileRef = 671541912540EF4C00947218 /* Assets.xcassets */; };
		671541952540EF4C00947218 /* Preview Assets.xcassets in Resources */ = {isa = PBXBuildFile; fileRef = 671541942540EF4C00947218 /* Preview Assets.xcassets */; };
		671541982540EF4C00947218 /* LaunchScreen.storyboard in Resources */ = {isa = PBXBuildFile; fileRef = 671541962540EF4C00947218 /* LaunchScreen.storyboard */; };
		671541A32540EF4D00947218 /* envReferencesTests.swift in Sources */ = {isa = PBXBuildFile; fileRef = 671541A22540EF4D00947218 /* envReferencesTests.swift */; };
		671541AE2540EF4D00947218 /* envReferencesUITests.swift in Sources */ = {isa = PBXBuildFile; fileRef = 671541AD2540EF4D00947218 /* envReferencesUITests.swift */; };
		671541BF2540EF6B00947218 /* testObject.swift in Sources */ = {isa = PBXBuildFile; fileRef = 671541BE2540EF6B00947218 /* testObject.swift */; };
/* End PBXBuildFile section */

/* Begin PBXContainerItemProxy section */
		6715419F2540EF4D00947218 /* PBXContainerItemProxy */ = {
			isa = PBXContainerItemProxy;
			containerPortal = 6715417D2540EF4A00947218 /* Project object */;
			proxyType = 1;
			remoteGlobalIDString = 671541842540EF4A00947218;
			remoteInfo = envReferences;
		};
		671541AA2540EF4D00947218 /* PBXContainerItemProxy */ = {
			isa = PBXContainerItemProxy;
			containerPortal = 6715417D2540EF4A00947218 /* Project object */;
			proxyType = 1;
			remoteGlobalIDString = 671541842540EF4A00947218;
			remoteInfo = envReferences;
		};
/* End PBXContainerItemProxy section */

/* Begin PBXFileReference section */
		671541852540EF4A00947218 /* envReferences.app */ = {isa = PBXFileReference; explicitFileType = wrapper.application; includeInIndex = 0; path = envReferences.app; sourceTree = BUILT_PRODUCTS_DIR; };
		671541882540EF4A00947218 /* AppDelegate.swift */ = {isa = PBXFileReference; lastKnownFileType = sourcecode.swift; path = AppDelegate.swift; sourceTree = "<group>"; };
		6715418A2540EF4A00947218 /* SceneDelegate.swift */ = {isa = PBXFileReference; lastKnownFileType = sourcecode.swift; path = SceneDelegate.swift; sourceTree = "<group>"; };
		6715418C2540EF4A00947218 /* ContentView.swift */ = {isa = PBXFileReference; lastKnownFileType = sourcecode.swift; path = ContentView.swift; sourceTree = "<group>"; };
		6715418F2540EF4A00947218 /* envReferences.xcdatamodel */ = {isa = PBXFileReference; lastKnownFileType = wrapper.xcdatamodel; path = envReferences.xcdatamodel; sourceTree = "<group>"; };
		671541912540EF4C00947218 /* Assets.xcassets */ = {isa = PBXFileReference; lastKnownFileType = folder.assetcatalog; path = Assets.xcassets; sourceTree = "<group>"; };
		671541942540EF4C00947218 /* Preview Assets.xcassets */ = {isa = PBXFileReference; lastKnownFileType = folder.assetcatalog; path = "Preview Assets.xcassets"; sourceTree = "<group>"; };
		671541972540EF4C00947218 /* Base */ = {isa = PBXFileReference; lastKnownFileType = file.storyboard; name = Base; path = Base.lproj/LaunchScreen.storyboard; sourceTree = "<group>"; };
		671541992540EF4C00947218 /* Info.plist */ = {isa = PBXFileReference; lastKnownFileType = text.plist.xml; path = Info.plist; sourceTree = "<group>"; };
		6715419E2540EF4D00947218 /* envReferencesTests.xctest */ = {isa = PBXFileReference; explicitFileType = wrapper.cfbundle; includeInIndex = 0; path = envReferencesTests.xctest; sourceTree = BUILT_PRODUCTS_DIR; };
		671541A22540EF4D00947218 /* envReferencesTests.swift */ = {isa = PBXFileReference; lastKnownFileType = sourcecode.swift; path = envReferencesTests.swift; sourceTree = "<group>"; };
		671541A42540EF4D00947218 /* Info.plist */ = {isa = PBXFileReference; lastKnownFileType = text.plist.xml; path = Info.plist; sourceTree = "<group>"; };
		671541A92540EF4D00947218 /* envReferencesUITests.xctest */ = {isa = PBXFileReference; explicitFileType = wrapper.cfbundle; includeInIndex = 0; path = envReferencesUITests.xctest; sourceTree = BUILT_PRODUCTS_DIR; };
		671541AD2540EF4D00947218 /* envReferencesUITests.swift */ = {isa = PBXFileReference; lastKnownFileType = sourcecode.swift; path = envReferencesUITests.swift; sourceTree = "<group>"; };
		671541AF2540EF4D00947218 /* Info.plist */ = {isa = PBXFileReference; lastKnownFileType = text.plist.xml; path = Info.plist; sourceTree = "<group>"; };
		671541BE2540EF6B00947218 /* testObject.swift */ = {isa = PBXFileReference; lastKnownFileType = sourcecode.swift; path = testObject.swift; sourceTree = "<group>"; };
/* End PBXFileReference section */

/* Begin PBXFrameworksBuildPhase section */
		671541822540EF4A00947218 /* Frameworks */ = {
			isa = PBXFrameworksBuildPhase;
			buildActionMask = 2147483647;
			files = (
			);
			runOnlyForDeploymentPostprocessing = 0;
		};
		6715419B2540EF4D00947218 /* Frameworks */ = {
			isa = PBXFrameworksBuildPhase;
			buildActionMask = 2147483647;
			files = (
			);
			runOnlyForDeploymentPostprocessing = 0;
		};
		671541A62540EF4D00947218 /* Frameworks */ = {
			isa = PBXFrameworksBuildPhase;
			buildActionMask = 2147483647;
			files = (
			);
			runOnlyForDeploymentPostprocessing = 0;
		};
/* End PBXFrameworksBuildPhase section */

/* Begin PBXGroup section */
		6715417C2540EF4A00947218 = {
			isa = PBXGroup;
			children = (
				671541872540EF4A00947218 /* envReferences */,
				671541A12540EF4D00947218 /* envReferencesTests */,
				671541AC2540EF4D00947218 /* envReferencesUITests */,
				671541862540EF4A00947218 /* Products */,
			);
			sourceTree = "<group>";
		};
		671541862540EF4A00947218 /* Products */ = {
			isa = PBXGroup;
			children = (
				671541852540EF4A00947218 /* envReferences.app */,
				6715419E2540EF4D00947218 /* envReferencesTests.xctest */,
				671541A92540EF4D00947218 /* envReferencesUITests.xctest */,
			);
			name = Products;
			sourceTree = "<group>";
		};
		671541872540EF4A00947218 /* envReferences */ = {
			isa = PBXGroup;
			children = (
				671541882540EF4A00947218 /* AppDelegate.swift */,
				6715418A2540EF4A00947218 /* SceneDelegate.swift */,
				6715418C2540EF4A00947218 /* ContentView.swift */,
				671541BE2540EF6B00947218 /* testObject.swift */,
				671541912540EF4C00947218 /* Assets.xcassets */,
				671541962540EF4C00947218 /* LaunchScreen.storyboard */,
				671541992540EF4C00947218 /* Info.plist */,
				6715418E2540EF4A00947218 /* envReferences.xcdatamodeld */,
				671541932540EF4C00947218 /* Preview Content */,
			);
			path = envReferences;
			sourceTree = "<group>";
		};
		671541932540EF4C00947218 /* Preview Content */ = {
			isa = PBXGroup;
			children = (
				671541942540EF4C00947218 /* Preview Assets.xcassets */,
			);
			path = "Preview Content";
			sourceTree = "<group>";
		};
		671541A12540EF4D00947218 /* envReferencesTests */ = {
			isa = PBXGroup;
			children = (
				671541A22540EF4D00947218 /* envReferencesTests.swift */,
				671541A42540EF4D00947218 /* Info.plist */,
			);
			path = envReferencesTests;
			sourceTree = "<group>";
		};
		671541AC2540EF4D00947218 /* envReferencesUITests */ = {
			isa = PBXGroup;
			children = (
				671541AD2540EF4D00947218 /* envReferencesUITests.swift */,
				671541AF2540EF4D00947218 /* Info.plist */,
			);
			path = envReferencesUITests;
			sourceTree = "<group>";
		};
/* End PBXGroup section */

/* Begin PBXNativeTarget section */
		671541842540EF4A00947218 /* envReferences */ = {
			isa = PBXNativeTarget;
			buildConfigurationList = 671541B22540EF4D00947218 /* Build configuration list for PBXNativeTarget "envReferences" */;
			buildPhases = (
				671541812540EF4A00947218 /* Sources */,
				671541822540EF4A00947218 /* Frameworks */,
				671541832540EF4A00947218 /* Resources */,
			);
			buildRules = (
			);
			dependencies = (
			);
			name = envReferences;
			productName = envReferences;
			productReference = 671541852540EF4A00947218 /* envReferences.app */;
			productType = "com.apple.product-type.application";
		};
		6715419D2540EF4D00947218 /* envReferencesTests */ = {
			isa = PBXNativeTarget;
			buildConfigurationList = 671541B52540EF4D00947218 /* Build configuration list for PBXNativeTarget "envReferencesTests" */;
			buildPhases = (
				6715419A2540EF4D00947218 /* Sources */,
				6715419B2540EF4D00947218 /* Frameworks */,
				6715419C2540EF4D00947218 /* Resources */,
			);
			buildRules = (
			);
			dependencies = (
				671541A02540EF4D00947218 /* PBXTargetDependency */,
			);
			name = envReferencesTests;
			productName = envReferencesTests;
			productReference = 6715419E2540EF4D00947218 /* envReferencesTests.xctest */;
			productType = "com.apple.product-type.bundle.unit-test";
		};
		671541A82540EF4D00947218 /* envReferencesUITests */ = {
			isa = PBXNativeTarget;
			buildConfigurationList = 671541B82540EF4D00947218 /* Build configuration list for PBXNativeTarget "envReferencesUITests" */;
			buildPhases = (
				671541A52540EF4D00947218 /* Sources */,
				671541A62540EF4D00947218 /* Frameworks */,
				671541A72540EF4D00947218 /* Resources */,
			);
			buildRules = (
			);
			dependencies = (
				671541AB2540EF4D00947218 /* PBXTargetDependency */,
			);
			name = envReferencesUITests;
			productName = envReferencesUITests;
			productReference = 671541A92540EF4D00947218 /* envReferencesUITests.xctest */;
			productType = "com.apple.product-type.bundle.ui-testing";
		};
/* End PBXNativeTarget section */

/* Begin PBXProject section */
		6715417D2540EF4A00947218 /* Project object */ = {
			isa = PBXProject;
			attributes = {
				LastSwiftUpdateCheck = 1200;
				LastUpgradeCheck = 1200;
				TargetAttributes = {
					671541842540EF4A00947218 = {
						CreatedOnToolsVersion = 12.0;
					};
					6715419D2540EF4D00947218 = {
						CreatedOnToolsVersion = 12.0;
						TestTargetID = 671541842540EF4A00947218;
					};
					671541A82540EF4D00947218 = {
						CreatedOnToolsVersion = 12.0;
						TestTargetID = 671541842540EF4A00947218;
					};
				};
			};
			buildConfigurationList = 671541802540EF4A00947218 /* Build configuration list for PBXProject "envReferences" */;
			compatibilityVersion = "Xcode 9.3";
			developmentRegion = en;
			hasScannedForEncodings = 0;
			knownRegions = (
				en,
				Base,
			);
			mainGroup = 6715417C2540EF4A00947218;
			productRefGroup = 671541862540EF4A00947218 /* Products */;
			projectDirPath = "";
			projectRoot = "";
			targets = (
				671541842540EF4A00947218 /* envReferences */,
				6715419D2540EF4D00947218 /* envReferencesTests */,
				671541A82540EF4D00947218 /* envReferencesUITests */,
			);
		};
/* End PBXProject section */

/* Begin PBXResourcesBuildPhase section */
		671541832540EF4A00947218 /* Resources */ = {
			isa = PBXResourcesBuildPhase;
			buildActionMask = 2147483647;
			files = (
				671541982540EF4C00947218 /* LaunchScreen.storyboard in Resources */,
				671541952540EF4C00947218 /* Preview Assets.xcassets in Resources */,
				671541922540EF4C00947218 /* Assets.xcassets in Resources */,
			);
			runOnlyForDeploymentPostprocessing = 0;
		};
		6715419C2540EF4D00947218 /* Resources */ = {
			isa = PBXResourcesBuildPhase;
			buildActionMask = 2147483647;
			files = (
			);
			runOnlyForDeploymentPostprocessing = 0;
		};
		671541A72540EF4D00947218 /* Resources */ = {
			isa = PBXResourcesBuildPhase;
			buildActionMask = 2147483647;
			files = (
			);
			runOnlyForDeploymentPostprocessing = 0;
		};
/* End PBXResourcesBuildPhase section */

/* Begin PBXSourcesBuildPhase section */
		671541812540EF4A00947218 /* Sources */ = {
			isa = PBXSourcesBuildPhase;
			buildActionMask = 2147483647;
			files = (
				671541892540EF4A00947218 /* AppDelegate.swift in Sources */,
				671541BF2540EF6B00947218 /* testObject.swift in Sources */,
				671541902540EF4A00947218 /* envReferences.xcdatamodeld in Sources */,
				6715418B2540EF4A00947218 /* SceneDelegate.swift in Sources */,
				6715418D2540EF4A00947218 /* ContentView.swift in Sources */,
			);
			runOnlyForDeploymentPostprocessing = 0;
		};
		6715419A2540EF4D00947218 /* Sources */ = {
			isa = PBXSourcesBuildPhase;
			buildActionMask = 2147483647;
			files = (
				671541A32540EF4D00947218 /* envReferencesTests.swift in Sources */,
			);
			runOnlyForDeploymentPostprocessing = 0;
		};
		671541A52540EF4D00947218 /* Sources */ = {
			isa = PBXSourcesBuildPhase;
			buildActionMask = 2147483647;
			files = (
				671541AE2540EF4D00947218 /* envReferencesUITests.swift in Sources */,
			);
			runOnlyForDeploymentPostprocessing = 0;
		};
/* End PBXSourcesBuildPhase section */

/* Begin PBXTargetDependency section */
		671541A02540EF4D00947218 /* PBXTargetDependency */ = {
			isa = PBXTargetDependency;
			target = 671541842540EF4A00947218 /* envReferences */;
			targetProxy = 6715419F2540EF4D00947218 /* PBXContainerItemProxy */;
		};
		671541AB2540EF4D00947218 /* PBXTargetDependency */ = {
			isa = PBXTargetDependency;
			target = 671541842540EF4A00947218 /* envReferences */;
			targetProxy = 671541AA2540EF4D00947218 /* PBXContainerItemProxy */;
		};
/* End PBXTargetDependency section */

/* Begin PBXVariantGroup section */
		671541962540EF4C00947218 /* LaunchScreen.storyboard */ = {
			isa = PBXVariantGroup;
			children = (
				671541972540EF4C00947218 /* Base */,
			);
			name = LaunchScreen.storyboard;
			sourceTree = "<group>";
		};
/* End PBXVariantGroup section */

/* Begin XCBuildConfiguration section */
		671541B02540EF4D00947218 /* Debug */ = {
			isa = XCBuildConfiguration;
			buildSettings = {
				ALWAYS_SEARCH_USER_PATHS = NO;
				CLANG_ANALYZER_NONNULL = YES;
				CLANG_ANALYZER_NUMBER_OBJECT_CONVERSION = YES_AGGRESSIVE;
				CLANG_CXX_LANGUAGE_STANDARD = "gnu++14";
				CLANG_CXX_LIBRARY = "libc++";
				CLANG_ENABLE_MODULES = YES;
				CLANG_ENABLE_OBJC_ARC = YES;
				CLANG_ENABLE_OBJC_WEAK = YES;
				CLANG_WARN_BLOCK_CAPTURE_AUTORELEASING = YES;
				CLANG_WARN_BOOL_CONVERSION = YES;
				CLANG_WARN_COMMA = YES;
				CLANG_WARN_CONSTANT_CONVERSION = YES;
				CLANG_WARN_DEPRECATED_OBJC_IMPLEMENTATIONS = YES;
				CLANG_WARN_DIRECT_OBJC_ISA_USAGE = YES_ERROR;
				CLANG_WARN_DOCUMENTATION_COMMENTS = YES;
				CLANG_WARN_EMPTY_BODY = YES;
				CLANG_WARN_ENUM_CONVERSION = YES;
				CLANG_WARN_INFINITE_RECURSION = YES;
				CLANG_WARN_INT_CONVERSION = YES;
				CLANG_WARN_NON_LITERAL_NULL_CONVERSION = YES;
				CLANG_WARN_OBJC_IMPLICIT_RETAIN_SELF = YES;
				CLANG_WARN_OBJC_LITERAL_CONVERSION = YES;
				CLANG_WARN_OBJC_ROOT_CLASS = YES_ERROR;
				CLANG_WARN_QUOTED_INCLUDE_IN_FRAMEWORK_HEADER = YES;
				CLANG_WARN_RANGE_LOOP_ANALYSIS = YES;
				CLANG_WARN_STRICT_PROTOTYPES = YES;
				CLANG_WARN_SUSPICIOUS_MOVE = YES;
				CLANG_WARN_UNGUARDED_AVAILABILITY = YES_AGGRESSIVE;
				CLANG_WARN_UNREACHABLE_CODE = YES;
				CLANG_WARN__DUPLICATE_METHOD_MATCH = YES;
				COPY_PHASE_STRIP = NO;
				DEBUG_INFORMATION_FORMAT = dwarf;
				ENABLE_STRICT_OBJC_MSGSEND = YES;
				ENABLE_TESTABILITY = YES;
				GCC_C_LANGUAGE_STANDARD = gnu11;
				GCC_DYNAMIC_NO_PIC = NO;
				GCC_NO_COMMON_BLOCKS = YES;
				GCC_OPTIMIZATION_LEVEL = 0;
				GCC_PREPROCESSOR_DEFINITIONS = (
					"DEBUG=1",
					"$(inherited)",
				);
				GCC_WARN_64_TO_32_BIT_CONVERSION = YES;
				GCC_WARN_ABOUT_RETURN_TYPE = YES_ERROR;
				GCC_WARN_UNDECLARED_SELECTOR = YES;
				GCC_WARN_UNINITIALIZED_AUTOS = YES_AGGRESSIVE;
				GCC_WARN_UNUSED_FUNCTION = YES;
				GCC_WARN_UNUSED_VARIABLE = YES;
				IPHONEOS_DEPLOYMENT_TARGET = 14.0;
				MTL_ENABLE_DEBUG_INFO = INCLUDE_SOURCE;
				MTL_FAST_MATH = YES;
				ONLY_ACTIVE_ARCH = YES;
				SDKROOT = iphoneos;
				SWIFT_ACTIVE_COMPILATION_CONDITIONS = DEBUG;
				SWIFT_OPTIMIZATION_LEVEL = "-Onone";
			};
			name = Debug;
		};
		671541B12540EF4D00947218 /* Release */ = {
			isa = XCBuildConfiguration;
			buildSettings = {
				ALWAYS_SEARCH_USER_PATHS = NO;
				CLANG_ANALYZER_NONNULL = YES;
				CLANG_ANALYZER_NUMBER_OBJECT_CONVERSION = YES_AGGRESSIVE;
				CLANG_CXX_LANGUAGE_STANDARD = "gnu++14";
				CLANG_CXX_LIBRARY = "libc++";
				CLANG_ENABLE_MODULES = YES;
				CLANG_ENABLE_OBJC_ARC = YES;
				CLANG_ENABLE_OBJC_WEAK = YES;
				CLANG_WARN_BLOCK_CAPTURE_AUTORELEASING = YES;
				CLANG_WARN_BOOL_CONVERSION = YES;
				CLANG_WARN_COMMA = YES;
				CLANG_WARN_CONSTANT_CONVERSION = YES;
				CLANG_WARN_DEPRECATED_OBJC_IMPLEMENTATIONS = YES;
				CLANG_WARN_DIRECT_OBJC_ISA_USAGE = YES_ERROR;
				CLANG_WARN_DOCUMENTATION_COMMENTS = YES;
				CLANG_WARN_EMPTY_BODY = YES;
				CLANG_WARN_ENUM_CONVERSION = YES;
				CLANG_WARN_INFINITE_RECURSION = YES;
				CLANG_WARN_INT_CONVERSION = YES;
				CLANG_WARN_NON_LITERAL_NULL_CONVERSION = YES;
				CLANG_WARN_OBJC_IMPLICIT_RETAIN_SELF = YES;
				CLANG_WARN_OBJC_LITERAL_CONVERSION = YES;
				CLANG_WARN_OBJC_ROOT_CLASS = YES_ERROR;
				CLANG_WARN_QUOTED_INCLUDE_IN_FRAMEWORK_HEADER = YES;
				CLANG_WARN_RANGE_LOOP_ANALYSIS = YES;
				CLANG_WARN_STRICT_PROTOTYPES = YES;
				CLANG_WARN_SUSPICIOUS_MOVE = YES;
				CLANG_WARN_UNGUARDED_AVAILABILITY = YES_AGGRESSIVE;
				CLANG_WARN_UNREACHABLE_CODE = YES;
				CLANG_WARN__DUPLICATE_METHOD_MATCH = YES;
				COPY_PHASE_STRIP = NO;
				DEBUG_INFORMATION_FORMAT = "dwarf-with-dsym";
				ENABLE_NS_ASSERTIONS = NO;
				ENABLE_STRICT_OBJC_MSGSEND = YES;
				GCC_C_LANGUAGE_STANDARD = gnu11;
				GCC_NO_COMMON_BLOCKS = YES;
				GCC_WARN_64_TO_32_BIT_CONVERSION = YES;
				GCC_WARN_ABOUT_RETURN_TYPE = YES_ERROR;
				GCC_WARN_UNDECLARED_SELECTOR = YES;
				GCC_WARN_UNINITIALIZED_AUTOS = YES_AGGRESSIVE;
				GCC_WARN_UNUSED_FUNCTION = YES;
				GCC_WARN_UNUSED_VARIABLE = YES;
				IPHONEOS_DEPLOYMENT_TARGET = 14.0;
				MTL_ENABLE_DEBUG_INFO = NO;
				MTL_FAST_MATH = YES;
				SDKROOT = iphoneos;
				SWIFT_COMPILATION_MODE = wholemodule;
				SWIFT_OPTIMIZATION_LEVEL = "-O";
				VALIDATE_PRODUCT = YES;
			};
			name = Release;
		};
		671541B32540EF4D00947218 /* Debug */ = {
			isa = XCBuildConfiguration;
			buildSettings = {
				ASSETCATALOG_COMPILER_APPICON_NAME = AppIcon;
				ASSETCATALOG_COMPILER_GLOBAL_ACCENT_COLOR_NAME = AccentColor;
				CODE_SIGN_STYLE = Automatic;
				DEVELOPMENT_ASSET_PATHS = "\"envReferences/Preview Content\"";
				DEVELOPMENT_TEAM = 988VW22UE7;
				ENABLE_PREVIEWS = YES;
				INFOPLIST_FILE = envReferences/Info.plist;
				LD_RUNPATH_SEARCH_PATHS = (
					"$(inherited)",
					"@executable_path/Frameworks",
				);
				PRODUCT_BUNDLE_IDENTIFIER = Nate.envReferences;
				PRODUCT_NAME = "$(TARGET_NAME)";
				SWIFT_VERSION = 5.0;
				TARGETED_DEVICE_FAMILY = "1,2";
			};
			name = Debug;
		};
		671541B42540EF4D00947218 /* Release */ = {
			isa = XCBuildConfiguration;
			buildSettings = {
				ASSETCATALOG_COMPILER_APPICON_NAME = AppIcon;
				ASSETCATALOG_COMPILER_GLOBAL_ACCENT_COLOR_NAME = AccentColor;
				CODE_SIGN_STYLE = Automatic;
				DEVELOPMENT_ASSET_PATHS = "\"envReferences/Preview Content\"";
				DEVELOPMENT_TEAM = 988VW22UE7;
				ENABLE_PREVIEWS = YES;
				INFOPLIST_FILE = envReferences/Info.plist;
				LD_RUNPATH_SEARCH_PATHS = (
					"$(inherited)",
					"@executable_path/Frameworks",
				);
				PRODUCT_BUNDLE_IDENTIFIER = Nate.envReferences;
				PRODUCT_NAME = "$(TARGET_NAME)";
				SWIFT_VERSION = 5.0;
				TARGETED_DEVICE_FAMILY = "1,2";
			};
			name = Release;
		};
		671541B62540EF4D00947218 /* Debug */ = {
			isa = XCBuildConfiguration;
			buildSettings = {
				ALWAYS_EMBED_SWIFT_STANDARD_LIBRARIES = YES;
				BUNDLE_LOADER = "$(TEST_HOST)";
				CODE_SIGN_STYLE = Automatic;
				DEVELOPMENT_TEAM = 988VW22UE7;
				INFOPLIST_FILE = envReferencesTests/Info.plist;
				IPHONEOS_DEPLOYMENT_TARGET = 14.0;
				LD_RUNPATH_SEARCH_PATHS = (
					"$(inherited)",
					"@executable_path/Frameworks",
					"@loader_path/Frameworks",
				);
				PRODUCT_BUNDLE_IDENTIFIER = Nate.envReferencesTests;
				PRODUCT_NAME = "$(TARGET_NAME)";
				SWIFT_VERSION = 5.0;
				TARGETED_DEVICE_FAMILY = "1,2";
				TEST_HOST = "$(BUILT_PRODUCTS_DIR)/envReferences.app/envReferences";
			};
			name = Debug;
		};
		671541B72540EF4D00947218 /* Release */ = {
			isa = XCBuildConfiguration;
			buildSettings = {
				ALWAYS_EMBED_SWIFT_STANDARD_LIBRARIES = YES;
				BUNDLE_LOADER = "$(TEST_HOST)";
				CODE_SIGN_STYLE = Automatic;
				DEVELOPMENT_TEAM = 988VW22UE7;
				INFOPLIST_FILE = envReferencesTests/Info.plist;
				IPHONEOS_DEPLOYMENT_TARGET = 14.0;
				LD_RUNPATH_SEARCH_PATHS = (
					"$(inherited)",
					"@executable_path/Frameworks",
					"@loader_path/Frameworks",
				);
				PRODUCT_BUNDLE_IDENTIFIER = Nate.envReferencesTests;
				PRODUCT_NAME = "$(TARGET_NAME)";
				SWIFT_VERSION = 5.0;
				TARGETED_DEVICE_FAMILY = "1,2";
				TEST_HOST = "$(BUILT_PRODUCTS_DIR)/envReferences.app/envReferences";
			};
			name = Release;
		};
		671541B92540EF4D00947218 /* Debug */ = {
			isa = XCBuildConfiguration;
			buildSettings = {
				ALWAYS_EMBED_SWIFT_STANDARD_LIBRARIES = YES;
				CODE_SIGN_STYLE = Automatic;
				DEVELOPMENT_TEAM = 988VW22UE7;
				INFOPLIST_FILE = envReferencesUITests/Info.plist;
				LD_RUNPATH_SEARCH_PATHS = (
					"$(inherited)",
					"@executable_path/Frameworks",
					"@loader_path/Frameworks",
				);
				PRODUCT_BUNDLE_IDENTIFIER = Nate.envReferencesUITests;
				PRODUCT_NAME = "$(TARGET_NAME)";
				SWIFT_VERSION = 5.0;
				TARGETED_DEVICE_FAMILY = "1,2";
				TEST_TARGET_NAME = envReferences;
			};
			name = Debug;
		};
		671541BA2540EF4D00947218 /* Release */ = {
			isa = XCBuildConfiguration;
			buildSettings = {
				ALWAYS_EMBED_SWIFT_STANDARD_LIBRARIES = YES;
				CODE_SIGN_STYLE = Automatic;
				DEVELOPMENT_TEAM = 988VW22UE7;
				INFOPLIST_FILE = envReferencesUITests/Info.plist;
				LD_RUNPATH_SEARCH_PATHS = (
					"$(inherited)",
					"@executable_path/Frameworks",
					"@loader_path/Frameworks",
				);
				PRODUCT_BUNDLE_IDENTIFIER = Nate.envReferencesUITests;
				PRODUCT_NAME = "$(TARGET_NAME)";
				SWIFT_VERSION = 5.0;
				TARGETED_DEVICE_FAMILY = "1,2";
				TEST_TARGET_NAME = envReferences;
			};
			name = Release;
		};
/* End XCBuildConfiguration section */

/* Begin XCConfigurationList section */
		671541802540EF4A00947218 /* Build configuration list for PBXProject "envReferences" */ = {
			isa = XCConfigurationList;
			buildConfigurations = (
				671541B02540EF4D00947218 /* Debug */,
				671541B12540EF4D00947218 /* Release */,
			);
			defaultConfigurationIsVisible = 0;
			defaultConfigurationName = Release;
		};
		671541B22540EF4D00947218 /* Build configuration list for PBXNativeTarget "envReferences" */ = {
			isa = XCConfigurationList;
			buildConfigurations = (
				671541B32540EF4D00947218 /* Debug */,
				671541B42540EF4D00947218 /* Release */,
			);
			defaultConfigurationIsVisible = 0;
			defaultConfigurationName = Release;
		};
		671541B52540EF4D00947218 /* Build configuration list for PBXNativeTarget "envReferencesTests" */ = {
			isa = XCConfigurationList;
			buildConfigurations = (
				671541B62540EF4D00947218 /* Debug */,
				671541B72540EF4D00947218 /* Release */,
			);
			defaultConfigurationIsVisible = 0;
			defaultConfigurationName = Release;
		};
		671541B82540EF4D00947218 /* Build configuration list for PBXNativeTarget "envReferencesUITests" */ = {
			isa = XCConfigurationList;
			buildConfigurations = (
				671541B92540EF4D00947218 /* Debug */,
				671541BA2540EF4D00947218 /* Release */,
			);
			defaultConfigurationIsVisible = 0;
			defaultConfigurationName = Release;
		};
/* End XCConfigurationList section */

/* Begin XCVersionGroup section */
		6715418E2540EF4A00947218 /* envReferences.xcdatamodeld */ = {
			isa = XCVersionGroup;
			children = (
				6715418F2540EF4A00947218 /* envReferences.xcdatamodel */,
			);
			currentVersion = 6715418F2540EF4A00947218 /* envReferences.xcdatamodel */;
			path = envReferences.xcdatamodeld;
			sourceTree = "<group>";
			versionGroupType = wrapper.xcdatamodel;
		};
/* End XCVersionGroup section */
	};
	rootObject = 6715417D2540EF4A00947218 /* Project object */;
}
